
Microsoft Visual Studio Solution File, Format Version 12.00
# Visual Studio Version 17
VisualStudioVersion = 17.6.33723.286
MinimumVisualStudioVersion = 10.0.40219.1
Project("{FAE04EC0-301F-11D3-BF4B-00C04F79EFBC}") = "FileApi", "FileApi\FileApi.csproj", "{03E2A0BB-6854-4B0A-B8AE-798674E199AB}"
EndProject
Global
	GlobalSection(SolutionConfigurationPlatforms) = preSolution
		Debug|Any CPU = Debug|Any CPU
		Release|Any CPU = Release|Any CPU
	EndGlobalSection
	GlobalSection(ProjectConfigurationPlatforms) = postSolution
		{03E2A0BB-6854-4B0A-B8AE-798674E199AB}.Debug|Any CPU.ActiveCfg = Debug|Any CPU
		{03E2A0BB-6854-4B0A-B8AE-798674E199AB}.Debug|Any CPU.Build.0 = Debug|Any CPU
		{03E2A0BB-6854-4B0A-B8AE-798674E199AB}.Release|Any CPU.ActiveCfg = Release|Any CPU
		{03E2A0BB-6854-4B0A-B8AE-798674E199AB}.Release|Any CPU.Build.0 = Release|Any CPU
	EndGlobalSection
	GlobalSection(SolutionProperties) = preSolution
		HideSolutionNode = FALSE
	EndGlobalSection
	GlobalSection(ExtensibilityGlobals) = postSolution
		SolutionGuid = {7C4FB9F5-F52D-42D1-9CA8-E4C01C1ECA28}
	EndGlobalSection
EndGlobal
